
Microsoft Visual Studio Solution File, Format Version 12.00
# Visual Studio Version 16
VisualStudioVersion = 16.0.29911.84
MinimumVisualStudioVersion = 10.0.40219.1
Project("{FAE04EC0-301F-11D3-BF4B-00C04F79EFBC}") = "OurProducts", "OurProducts\OurProducts.csproj", "{CE88DD09-8BAE-4F4A-99DC-D9F01D3667CA}"
EndProject
Global
	GlobalSection(SolutionConfigurationPlatforms) = preSolution
		Debug|Any CPU = Debug|Any CPU
		Release|Any CPU = Release|Any CPU
	EndGlobalSection
	GlobalSection(ProjectConfigurationPlatforms) = postSolution
		{CE88DD09-8BAE-4F4A-99DC-D9F01D3667CA}.Debug|Any CPU.ActiveCfg = Debug|Any CPU
		{CE88DD09-8BAE-4F4A-99DC-D9F01D3667CA}.Debug|Any CPU.Build.0 = Debug|Any CPU
		{CE88DD09-8BAE-4F4A-99DC-D9F01D3667CA}.Release|Any CPU.ActiveCfg = Release|Any CPU
		{CE88DD09-8BAE-4F4A-99DC-D9F01D3667CA}.Release|Any CPU.Build.0 = Release|Any CPU
	EndGlobalSection
	GlobalSection(SolutionProperties) = preSolution
		HideSolutionNode = FALSE
	EndGlobalSection
	GlobalSection(ExtensibilityGlobals) = postSolution
		SolutionGuid = {7A2201A8-DBA5-4D7C-8AE3-DC146534EAA3}
	EndGlobalSection
EndGlobal
